
Microsoft Visual Studio Solution File, Format Version 11.00
# Visual Studio 2010
Project("{FAE04EC0-301F-11D3-BF4B-00C04F79EFBC}") = "Browser Phone", "Browser Phone.csproj", "{2912AD5D-8553-49E6-BB1A-AEC8AB872D7D}"
EndProject
Global
	GlobalSection(SolutionConfigurationPlatforms) = preSolution
		Debug|Any CPU = Debug|Any CPU
		Release|Any CPU = Release|Any CPU
	EndGlobalSection
	GlobalSection(ProjectConfigurationPlatforms) = postSolution
		{2912AD5D-8553-49E6-BB1A-AEC8AB872D7D}.Debug|Any CPU.ActiveCfg = Debug|Any CPU
		{2912AD5D-8553-49E6-BB1A-AEC8AB872D7D}.Debug|Any CPU.Build.0 = Debug|Any CPU
		{2912AD5D-8553-49E6-BB1A-AEC8AB872D7D}.Release|Any CPU.ActiveCfg = Release|Any CPU
		{2912AD5D-8553-49E6-BB1A-AEC8AB872D7D}.Release|Any CPU.Build.0 = Release|Any CPU
	EndGlobalSection
	GlobalSection(SolutionProperties) = preSolution
		HideSolutionNode = FALSE
	EndGlobalSection
EndGlobal
